// !$*UTF8*$!
{
	archiveVersion = 1;
	classes = {
	};
	objectVersion = 55;
	objects = {

/* Begin PBXBuildFile section */
		9907B63725FD455700A0859C /* XClusterApp.swift in Sources */ = {isa = PBXBuildFile; fileRef = 9907B63625FD455700A0859C /* XClusterApp.swift */; };
		9907B63925FD455700A0859C /* ContentView.swift in Sources */ = {isa = PBXBuildFile; fileRef = 9907B63825FD455700A0859C /* ContentView.swift */; };
		9907B63B25FD455800A0859C /* Assets.xcassets in Resources */ = {isa = PBXBuildFile; fileRef = 9907B63A25FD455800A0859C /* Assets.xcassets */; };
		9907B63E25FD455800A0859C /* Preview Assets.xcassets in Resources */ = {isa = PBXBuildFile; fileRef = 9907B63D25FD455800A0859C /* Preview Assets.xcassets */; };
		9907B65125FD491700A0859C /* PreferencesView.swift in Sources */ = {isa = PBXBuildFile; fileRef = 9907B65025FD491700A0859C /* PreferencesView.swift */; };
		9907B65525FD498F00A0859C /* Bindings.swift in Sources */ = {isa = PBXBuildFile; fileRef = 9907B65425FD498F00A0859C /* Bindings.swift */; };
		9907B65825FD49FD00A0859C /* Controller.swift in Sources */ = {isa = PBXBuildFile; fileRef = 9907B65725FD49FD00A0859C /* Controller.swift */; };
		9907B65F25FD4AB100A0859C /* Utility.swift in Sources */ = {isa = PBXBuildFile; fileRef = 9907B65B25FD4AB100A0859C /* Utility.swift */; };
		9907B66025FD4AB100A0859C /* SpotProcessor.swift in Sources */ = {isa = PBXBuildFile; fileRef = 9907B65C25FD4AB100A0859C /* SpotProcessor.swift */; };
		9907B66125FD4AB100A0859C /* QRZManager.swift in Sources */ = {isa = PBXBuildFile; fileRef = 9907B65D25FD4AB100A0859C /* QRZManager.swift */; };
		9907B66225FD4AB100A0859C /* TelnetManager.swift in Sources */ = {isa = PBXBuildFile; fileRef = 9907B65E25FD4AB100A0859C /* TelnetManager.swift */; };
		9907B66625FD4BA400A0859C /* CallParser in Frameworks */ = {isa = PBXBuildFile; productRef = 9907B66525FD4BA400A0859C /* CallParser */; };
		9907B66925FD503C00A0859C /* ClusterDisplayView.swift in Sources */ = {isa = PBXBuildFile; fileRef = 9907B66825FD503C00A0859C /* ClusterDisplayView.swift */; };
		99625D8326122CAF00CC4677 /* Preferences.swift in Sources */ = {isa = PBXBuildFile; fileRef = 99625D8226122CAF00CC4677 /* Preferences.swift */; };
		996C93D42753FFC500857EE0 /* WebManager.swift in Sources */ = {isa = PBXBuildFile; fileRef = 996C93D32753FFC500857EE0 /* WebManager.swift */; };
/* End PBXBuildFile section */

/* Begin PBXFileReference section */
		9907B63325FD455700A0859C /* xCluster.app */ = {isa = PBXFileReference; explicitFileType = wrapper.application; includeInIndex = 0; path = xCluster.app; sourceTree = BUILT_PRODUCTS_DIR; };
		9907B63625FD455700A0859C /* XClusterApp.swift */ = {isa = PBXFileReference; lastKnownFileType = sourcecode.swift; path = XClusterApp.swift; sourceTree = "<group>"; };
		9907B63825FD455700A0859C /* ContentView.swift */ = {isa = PBXFileReference; lastKnownFileType = sourcecode.swift; path = ContentView.swift; sourceTree = "<group>"; };
		9907B63A25FD455800A0859C /* Assets.xcassets */ = {isa = PBXFileReference; lastKnownFileType = folder.assetcatalog; path = Assets.xcassets; sourceTree = "<group>"; };
		9907B63D25FD455800A0859C /* Preview Assets.xcassets */ = {isa = PBXFileReference; lastKnownFileType = folder.assetcatalog; path = "Preview Assets.xcassets"; sourceTree = "<group>"; };
		9907B63F25FD455800A0859C /* Info.plist */ = {isa = PBXFileReference; lastKnownFileType = text.plist.xml; path = Info.plist; sourceTree = "<group>"; };
		9907B64025FD455800A0859C /* xCluster.entitlements */ = {isa = PBXFileReference; lastKnownFileType = text.plist.entitlements; path = xCluster.entitlements; sourceTree = "<group>"; };
		9907B65025FD491700A0859C /* PreferencesView.swift */ = {isa = PBXFileReference; lastKnownFileType = sourcecode.swift; path = PreferencesView.swift; sourceTree = "<group>"; };
		9907B65425FD498F00A0859C /* Bindings.swift */ = {isa = PBXFileReference; lastKnownFileType = sourcecode.swift; path = Bindings.swift; sourceTree = "<group>"; };
		9907B65725FD49FD00A0859C /* Controller.swift */ = {isa = PBXFileReference; lastKnownFileType = sourcecode.swift; path = Controller.swift; sourceTree = "<group>"; };
		9907B65B25FD4AB100A0859C /* Utility.swift */ = {isa = PBXFileReference; fileEncoding = 4; lastKnownFileType = sourcecode.swift; path = Utility.swift; sourceTree = "<group>"; };
		9907B65C25FD4AB100A0859C /* SpotProcessor.swift */ = {isa = PBXFileReference; fileEncoding = 4; lastKnownFileType = sourcecode.swift; path = SpotProcessor.swift; sourceTree = "<group>"; };
		9907B65D25FD4AB100A0859C /* QRZManager.swift */ = {isa = PBXFileReference; fileEncoding = 4; lastKnownFileType = sourcecode.swift; path = QRZManager.swift; sourceTree = "<group>"; };
		9907B65E25FD4AB100A0859C /* TelnetManager.swift */ = {isa = PBXFileReference; fileEncoding = 4; lastKnownFileType = sourcecode.swift; path = TelnetManager.swift; sourceTree = "<group>"; };
		9907B66825FD503C00A0859C /* ClusterDisplayView.swift */ = {isa = PBXFileReference; fileEncoding = 4; lastKnownFileType = sourcecode.swift; path = ClusterDisplayView.swift; sourceTree = "<group>"; };
		99625D8226122CAF00CC4677 /* Preferences.swift */ = {isa = PBXFileReference; lastKnownFileType = sourcecode.swift; path = Preferences.swift; sourceTree = "<group>"; };
		996C93D32753FFC500857EE0 /* WebManager.swift */ = {isa = PBXFileReference; lastKnownFileType = sourcecode.swift; path = WebManager.swift; sourceTree = "<group>"; };
/* End PBXFileReference section */

/* Begin PBXFrameworksBuildPhase section */
		9907B63025FD455700A0859C /* Frameworks */ = {
			isa = PBXFrameworksBuildPhase;
			buildActionMask = 2147483647;
			files = (
				9907B66625FD4BA400A0859C /* CallParser in Frameworks */,
			);
			runOnlyForDeploymentPostprocessing = 0;
		};
/* End PBXFrameworksBuildPhase section */

/* Begin PBXGroup section */
		9907B62A25FD455700A0859C = {
			isa = PBXGroup;
			children = (
				9907B63525FD455700A0859C /* xCluster */,
				9907B63425FD455700A0859C /* Products */,
			);
			sourceTree = "<group>";
		};
		9907B63425FD455700A0859C /* Products */ = {
			isa = PBXGroup;
			children = (
				9907B63325FD455700A0859C /* xCluster.app */,
			);
			name = Products;
			sourceTree = "<group>";
		};
		9907B63525FD455700A0859C /* xCluster */ = {
			isa = PBXGroup;
			children = (
				9907B64D25FD47AC00A0859C /* Views */,
				9907B65325FD495600A0859C /* Display Components */,
				9907B65A25FD4A3F00A0859C /* Network Components */,
				9907B63F25FD455800A0859C /* Info.plist */,
				9907B63A25FD455800A0859C /* Assets.xcassets */,
				9907B64025FD455800A0859C /* xCluster.entitlements */,
				9907B63C25FD455800A0859C /* Preview Content */,
			);
			path = xCluster;
			sourceTree = "<group>";
		};
		9907B63C25FD455800A0859C /* Preview Content */ = {
			isa = PBXGroup;
			children = (
				9907B63D25FD455800A0859C /* Preview Assets.xcassets */,
			);
			path = "Preview Content";
			sourceTree = "<group>";
		};
		9907B64D25FD47AC00A0859C /* Views */ = {
			isa = PBXGroup;
			children = (
				9907B63625FD455700A0859C /* XClusterApp.swift */,
				9907B63825FD455700A0859C /* ContentView.swift */,
				9907B66825FD503C00A0859C /* ClusterDisplayView.swift */,
				9907B65025FD491700A0859C /* PreferencesView.swift */,
			);
			path = Views;
			sourceTree = "<group>";
		};
		9907B65325FD495600A0859C /* Display Components */ = {
			isa = PBXGroup;
			children = (
				9907B65425FD498F00A0859C /* Bindings.swift */,
				9907B65725FD49FD00A0859C /* Controller.swift */,
				99625D8226122CAF00CC4677 /* Preferences.swift */,
			);
			path = "Display Components";
			sourceTree = "<group>";
		};
		9907B65A25FD4A3F00A0859C /* Network Components */ = {
			isa = PBXGroup;
			children = (
				9907B65D25FD4AB100A0859C /* QRZManager.swift */,
				9907B65C25FD4AB100A0859C /* SpotProcessor.swift */,
				9907B65E25FD4AB100A0859C /* TelnetManager.swift */,
				9907B65B25FD4AB100A0859C /* Utility.swift */,
				996C93D32753FFC500857EE0 /* WebManager.swift */,
			);
			path = "Network Components";
			sourceTree = "<group>";
		};
/* End PBXGroup section */

/* Begin PBXNativeTarget section */
		9907B63225FD455700A0859C /* xCluster */ = {
			isa = PBXNativeTarget;
			buildConfigurationList = 9907B64325FD455800A0859C /* Build configuration list for PBXNativeTarget "xCluster" */;
			buildPhases = (
				9907B62F25FD455700A0859C /* Sources */,
				9907B63025FD455700A0859C /* Frameworks */,
				9907B63125FD455700A0859C /* Resources */,
				9936D64F2605483A0079D49C /* ShellScript */,
			);
			buildRules = (
			);
			dependencies = (
			);
			name = xCluster;
			packageProductDependencies = (
				9907B66525FD4BA400A0859C /* CallParser */,
			);
			productName = xCluster;
			productReference = 9907B63325FD455700A0859C /* xCluster.app */;
			productType = "com.apple.product-type.application";
		};
/* End PBXNativeTarget section */

/* Begin PBXProject section */
		9907B62B25FD455700A0859C /* Project object */ = {
			isa = PBXProject;
			attributes = {
				LastSwiftUpdateCheck = 1240;
				LastUpgradeCheck = 1250;
				TargetAttributes = {
					9907B63225FD455700A0859C = {
						CreatedOnToolsVersion = 12.4;
					};
				};
			};
			buildConfigurationList = 9907B62E25FD455700A0859C /* Build configuration list for PBXProject "xCluster" */;
			compatibilityVersion = "Xcode 13.0";
			developmentRegion = en;
			hasScannedForEncodings = 0;
			knownRegions = (
				en,
				Base,
			);
			mainGroup = 9907B62A25FD455700A0859C;
			packageReferences = (
				9907B66425FD4BA400A0859C /* XCRemoteSwiftPackageReference "CallParserForMac" */,
			);
			productRefGroup = 9907B63425FD455700A0859C /* Products */;
			projectDirPath = "";
			projectRoot = "";
			targets = (
				9907B63225FD455700A0859C /* xCluster */,
			);
		};
/* End PBXProject section */

/* Begin PBXResourcesBuildPhase section */
		9907B63125FD455700A0859C /* Resources */ = {
			isa = PBXResourcesBuildPhase;
			buildActionMask = 2147483647;
			files = (
				9907B63E25FD455800A0859C /* Preview Assets.xcassets in Resources */,
				9907B63B25FD455800A0859C /* Assets.xcassets in Resources */,
			);
			runOnlyForDeploymentPostprocessing = 0;
		};
/* End PBXResourcesBuildPhase section */

/* Begin PBXShellScriptBuildPhase section */
		9936D64F2605483A0079D49C /* ShellScript */ = {
			isa = PBXShellScriptBuildPhase;
			buildActionMask = 2147483647;
			files = (
			);
			inputFileListPaths = (
			);
			inputPaths = (
			);
			outputFileListPaths = (
			);
			outputPaths = (
			);
			runOnlyForDeploymentPostprocessing = 0;
			shellPath = /bin/sh;
			shellScript = "##if which swiftlint >/dev/null; then\n##  swiftlint\n##else\n##  echo \"warning: SwiftLint not installed, download from https://github.com/realm/SwiftLint\"\n##fi\n";
		};
/* End PBXShellScriptBuildPhase section */

/* Begin PBXSourcesBuildPhase section */
		9907B62F25FD455700A0859C /* Sources */ = {
			isa = PBXSourcesBuildPhase;
			buildActionMask = 2147483647;
			files = (
				9907B65825FD49FD00A0859C /* Controller.swift in Sources */,
				9907B63925FD455700A0859C /* ContentView.swift in Sources */,
				9907B66025FD4AB100A0859C /* SpotProcessor.swift in Sources */,
				9907B66125FD4AB100A0859C /* QRZManager.swift in Sources */,
				9907B66925FD503C00A0859C /* ClusterDisplayView.swift in Sources */,
				9907B65F25FD4AB100A0859C /* Utility.swift in Sources */,
				9907B65125FD491700A0859C /* PreferencesView.swift in Sources */,
				99625D8326122CAF00CC4677 /* Preferences.swift in Sources */,
				996C93D42753FFC500857EE0 /* WebManager.swift in Sources */,
				9907B63725FD455700A0859C /* XClusterApp.swift in Sources */,
				9907B65525FD498F00A0859C /* Bindings.swift in Sources */,
				9907B66225FD4AB100A0859C /* TelnetManager.swift in Sources */,
			);
			runOnlyForDeploymentPostprocessing = 0;
		};
/* End PBXSourcesBuildPhase section */

/* Begin XCBuildConfiguration section */
		9907B64125FD455800A0859C /* Debug */ = {
			isa = XCBuildConfiguration;
			buildSettings = {
				ALWAYS_SEARCH_USER_PATHS = NO;
				CLANG_ANALYZER_NONNULL = YES;
				CLANG_ANALYZER_NUMBER_OBJECT_CONVERSION = YES_AGGRESSIVE;
				CLANG_CXX_LANGUAGE_STANDARD = "gnu++14";
				CLANG_CXX_LIBRARY = "libc++";
				CLANG_ENABLE_MODULES = YES;
				CLANG_ENABLE_OBJC_ARC = YES;
				CLANG_ENABLE_OBJC_WEAK = YES;
				CLANG_WARN_BLOCK_CAPTURE_AUTORELEASING = YES;
				CLANG_WARN_BOOL_CONVERSION = YES;
				CLANG_WARN_COMMA = YES;
				CLANG_WARN_CONSTANT_CONVERSION = YES;
				CLANG_WARN_DEPRECATED_OBJC_IMPLEMENTATIONS = YES;
				CLANG_WARN_DIRECT_OBJC_ISA_USAGE = YES_ERROR;
				CLANG_WARN_DOCUMENTATION_COMMENTS = YES;
				CLANG_WARN_EMPTY_BODY = YES;
				CLANG_WARN_ENUM_CONVERSION = YES;
				CLANG_WARN_INFINITE_RECURSION = YES;
				CLANG_WARN_INT_CONVERSION = YES;
				CLANG_WARN_NON_LITERAL_NULL_CONVERSION = YES;
				CLANG_WARN_OBJC_IMPLICIT_RETAIN_SELF = YES;
				CLANG_WARN_OBJC_LITERAL_CONVERSION = YES;
				CLANG_WARN_OBJC_ROOT_CLASS = YES_ERROR;
				CLANG_WARN_QUOTED_INCLUDE_IN_FRAMEWORK_HEADER = YES;
				CLANG_WARN_RANGE_LOOP_ANALYSIS = YES;
				CLANG_WARN_STRICT_PROTOTYPES = YES;
				CLANG_WARN_SUSPICIOUS_MOVE = YES;
				CLANG_WARN_UNGUARDED_AVAILABILITY = YES_AGGRESSIVE;
				CLANG_WARN_UNREACHABLE_CODE = YES;
				CLANG_WARN__DUPLICATE_METHOD_MATCH = YES;
				COPY_PHASE_STRIP = NO;
				DEBUG_INFORMATION_FORMAT = dwarf;
				ENABLE_STRICT_OBJC_MSGSEND = YES;
				ENABLE_TESTABILITY = YES;
				GCC_C_LANGUAGE_STANDARD = gnu11;
				GCC_DYNAMIC_NO_PIC = NO;
				GCC_NO_COMMON_BLOCKS = YES;
				GCC_OPTIMIZATION_LEVEL = 0;
				GCC_PREPROCESSOR_DEFINITIONS = (
					"DEBUG=1",
					"$(inherited)",
				);
				GCC_WARN_64_TO_32_BIT_CONVERSION = YES;
				GCC_WARN_ABOUT_RETURN_TYPE = YES_ERROR;
				GCC_WARN_UNDECLARED_SELECTOR = YES;
				GCC_WARN_UNINITIALIZED_AUTOS = YES_AGGRESSIVE;
				GCC_WARN_UNUSED_FUNCTION = YES;
				GCC_WARN_UNUSED_VARIABLE = YES;
				MACOSX_DEPLOYMENT_TARGET = 11.1;
				MTL_ENABLE_DEBUG_INFO = INCLUDE_SOURCE;
				MTL_FAST_MATH = YES;
				ONLY_ACTIVE_ARCH = YES;
				SDKROOT = macosx;
				SWIFT_ACTIVE_COMPILATION_CONDITIONS = DEBUG;
				SWIFT_OPTIMIZATION_LEVEL = "-Onone";
				SWIFT_VERSION = 5.0;
			};
			name = Debug;
		};
		9907B64225FD455800A0859C /* Release */ = {
			isa = XCBuildConfiguration;
			buildSettings = {
				ALWAYS_SEARCH_USER_PATHS = NO;
				CLANG_ANALYZER_NONNULL = YES;
				CLANG_ANALYZER_NUMBER_OBJECT_CONVERSION = YES_AGGRESSIVE;
				CLANG_CXX_LANGUAGE_STANDARD = "gnu++14";
				CLANG_CXX_LIBRARY = "libc++";
				CLANG_ENABLE_MODULES = YES;
				CLANG_ENABLE_OBJC_ARC = YES;
				CLANG_ENABLE_OBJC_WEAK = YES;
				CLANG_WARN_BLOCK_CAPTURE_AUTORELEASING = YES;
				CLANG_WARN_BOOL_CONVERSION = YES;
				CLANG_WARN_COMMA = YES;
				CLANG_WARN_CONSTANT_CONVERSION = YES;
				CLANG_WARN_DEPRECATED_OBJC_IMPLEMENTATIONS = YES;
				CLANG_WARN_DIRECT_OBJC_ISA_USAGE = YES_ERROR;
				CLANG_WARN_DOCUMENTATION_COMMENTS = YES;
				CLANG_WARN_EMPTY_BODY = YES;
				CLANG_WARN_ENUM_CONVERSION = YES;
				CLANG_WARN_INFINITE_RECURSION = YES;
				CLANG_WARN_INT_CONVERSION = YES;
				CLANG_WARN_NON_LITERAL_NULL_CONVERSION = YES;
				CLANG_WARN_OBJC_IMPLICIT_RETAIN_SELF = YES;
				CLANG_WARN_OBJC_LITERAL_CONVERSION = YES;
				CLANG_WARN_OBJC_ROOT_CLASS = YES_ERROR;
				CLANG_WARN_QUOTED_INCLUDE_IN_FRAMEWORK_HEADER = YES;
				CLANG_WARN_RANGE_LOOP_ANALYSIS = YES;
				CLANG_WARN_STRICT_PROTOTYPES = YES;
				CLANG_WARN_SUSPICIOUS_MOVE = YES;
				CLANG_WARN_UNGUARDED_AVAILABILITY = YES_AGGRESSIVE;
				CLANG_WARN_UNREACHABLE_CODE = YES;
				CLANG_WARN__DUPLICATE_METHOD_MATCH = YES;
				COPY_PHASE_STRIP = NO;
				DEBUG_INFORMATION_FORMAT = "dwarf-with-dsym";
				ENABLE_NS_ASSERTIONS = NO;
				ENABLE_STRICT_OBJC_MSGSEND = YES;
				GCC_C_LANGUAGE_STANDARD = gnu11;
				GCC_NO_COMMON_BLOCKS = YES;
				GCC_WARN_64_TO_32_BIT_CONVERSION = YES;
				GCC_WARN_ABOUT_RETURN_TYPE = YES_ERROR;
				GCC_WARN_UNDECLARED_SELECTOR = YES;
				GCC_WARN_UNINITIALIZED_AUTOS = YES_AGGRESSIVE;
				GCC_WARN_UNUSED_FUNCTION = YES;
				GCC_WARN_UNUSED_VARIABLE = YES;
				MACOSX_DEPLOYMENT_TARGET = 11.1;
				MTL_ENABLE_DEBUG_INFO = NO;
				MTL_FAST_MATH = YES;
				SDKROOT = macosx;
				SWIFT_COMPILATION_MODE = wholemodule;
				SWIFT_OPTIMIZATION_LEVEL = "-O";
				SWIFT_VERSION = 5.0;
			};
			name = Release;
		};
		9907B64425FD455800A0859C /* Debug */ = {
			isa = XCBuildConfiguration;
			buildSettings = {
				ASSETCATALOG_COMPILER_APPICON_NAME = AppIcon;
				ASSETCATALOG_COMPILER_GLOBAL_ACCENT_COLOR_NAME = AccentColor;
				CODE_SIGN_ENTITLEMENTS = xCluster/xCluster.entitlements;
				CODE_SIGN_IDENTITY = "Apple Development";
				CODE_SIGN_STYLE = Automatic;
				COMBINE_HIDPI_IMAGES = YES;
				DEVELOPMENT_ASSET_PATHS = "\"xCluster/Preview Content\"";
				DEVELOPMENT_TEAM = JE278GX57V;
				ENABLE_HARDENED_RUNTIME = YES;
				ENABLE_PREVIEWS = YES;
				INFOPLIST_FILE = xCluster/Info.plist;
				LD_RUNPATH_SEARCH_PATHS = (
					"$(inherited)",
					"@executable_path/../Frameworks",
				);
				MACOSX_DEPLOYMENT_TARGET = 12.0;
				MARKETING_VERSION = 1.1;
				PRODUCT_BUNDLE_IDENTIFIER = com.w6op.xCluster;
				PRODUCT_NAME = "$(TARGET_NAME)";
				SWIFT_VERSION = 5.0;
			};
			name = Debug;
		};
		9907B64525FD455800A0859C /* Release */ = {
			isa = XCBuildConfiguration;
			buildSettings = {
				ASSETCATALOG_COMPILER_APPICON_NAME = AppIcon;
				ASSETCATALOG_COMPILER_GLOBAL_ACCENT_COLOR_NAME = AccentColor;
				CODE_SIGN_ENTITLEMENTS = xCluster/xCluster.entitlements;
				CODE_SIGN_IDENTITY = "Apple Development";
				CODE_SIGN_STYLE = Automatic;
				COMBINE_HIDPI_IMAGES = YES;
				DEVELOPMENT_ASSET_PATHS = "\"xCluster/Preview Content\"";
				DEVELOPMENT_TEAM = JE278GX57V;
				ENABLE_HARDENED_RUNTIME = YES;
				ENABLE_PREVIEWS = YES;
				INFOPLIST_FILE = xCluster/Info.plist;
				LD_RUNPATH_SEARCH_PATHS = (
					"$(inherited)",
					"@executable_path/../Frameworks",
				);
				MACOSX_DEPLOYMENT_TARGET = 12.0;
				MARKETING_VERSION = 1.1;
				PRODUCT_BUNDLE_IDENTIFIER = com.w6op.xCluster;
				PRODUCT_NAME = "$(TARGET_NAME)";
				SWIFT_VERSION = 5.0;
			};
			name = Release;
		};
/* End XCBuildConfiguration section */

/* Begin XCConfigurationList section */
		9907B62E25FD455700A0859C /* Build configuration list for PBXProject "xCluster" */ = {
			isa = XCConfigurationList;
			buildConfigurations = (
				9907B64125FD455800A0859C /* Debug */,
				9907B64225FD455800A0859C /* Release */,
			);
			defaultConfigurationIsVisible = 0;
			defaultConfigurationName = Release;
		};
		9907B64325FD455800A0859C /* Build configuration list for PBXNativeTarget "xCluster" */ = {
			isa = XCConfigurationList;
			buildConfigurations = (
				9907B64425FD455800A0859C /* Debug */,
				9907B64525FD455800A0859C /* Release */,
			);
			defaultConfigurationIsVisible = 0;
			defaultConfigurationName = Release;
		};
/* End XCConfigurationList section */

/* Begin XCRemoteSwiftPackageReference section */
		9907B66425FD4BA400A0859C /* XCRemoteSwiftPackageReference "CallParserForMac" */ = {
			isa = XCRemoteSwiftPackageReference;
			repositoryURL = "https://github.com/W6OP/CallParserForMac.git";
			requirement = {
				kind = upToNextMajorVersion;
				minimumVersion = 1.0.7;
			};
		};
/* End XCRemoteSwiftPackageReference section */

/* Begin XCSwiftPackageProductDependency section */
		9907B66525FD4BA400A0859C /* CallParser */ = {
			isa = XCSwiftPackageProductDependency;
			package = 9907B66425FD4BA400A0859C /* XCRemoteSwiftPackageReference "CallParserForMac" */;
			productName = CallParser;
		};
/* End XCSwiftPackageProductDependency section */
	};
	rootObject = 9907B62B25FD455700A0859C /* Project object */;
}
